
Microsoft Visual Studio Solution File, Format Version 12.00
# Visual Studio Version 16
VisualStudioVersion = 16.0.33529.622
MinimumVisualStudioVersion = 10.0.40219.1
Project("{FAE04EC0-301F-11D3-BF4B-00C04F79EFBC}") = "Полёты", "Полёты\Полёты.csproj", "{2F0294A6-58C3-4230-B85E-BA2D7E5A262C}"
EndProject
Project("{FAE04EC0-301F-11D3-BF4B-00C04F79EFBC}") = "TestDataBase", "TestDataBase\TestDataBase.csproj", "{3E25260A-D1E4-431A-942F-13795E70C5A7}"
EndProject
Global
	GlobalSection(SolutionConfigurationPlatforms) = preSolution
		Debug|Any CPU = Debug|Any CPU
		Release|Any CPU = Release|Any CPU
	EndGlobalSection
	GlobalSection(ProjectConfigurationPlatforms) = postSolution
		{2F0294A6-58C3-4230-B85E-BA2D7E5A262C}.Debug|Any CPU.ActiveCfg = Debug|Any CPU
		{2F0294A6-58C3-4230-B85E-BA2D7E5A262C}.Debug|Any CPU.Build.0 = Debug|Any CPU
		{2F0294A6-58C3-4230-B85E-BA2D7E5A262C}.Release|Any CPU.ActiveCfg = Release|Any CPU
		{2F0294A6-58C3-4230-B85E-BA2D7E5A262C}.Release|Any CPU.Build.0 = Release|Any CPU
		{3E25260A-D1E4-431A-942F-13795E70C5A7}.Debug|Any CPU.ActiveCfg = Debug|Any CPU
		{3E25260A-D1E4-431A-942F-13795E70C5A7}.Debug|Any CPU.Build.0 = Debug|Any CPU
		{3E25260A-D1E4-431A-942F-13795E70C5A7}.Release|Any CPU.ActiveCfg = Release|Any CPU
		{3E25260A-D1E4-431A-942F-13795E70C5A7}.Release|Any CPU.Build.0 = Release|Any CPU
	EndGlobalSection
	GlobalSection(SolutionProperties) = preSolution
		HideSolutionNode = FALSE
	EndGlobalSection
	GlobalSection(ExtensibilityGlobals) = postSolution
		SolutionGuid = {892CFB1C-1461-4228-9B92-140E5AAA0C2D}
	EndGlobalSection
EndGlobal
